{
  "version": 4,
  "terraform_version": "1.4.4",
  "serial": 7,
  "lineage": "a1c2b208-a3a5-2776-6521-4b138b061778",
  "outputs": {},
  "resources": [
    {
      "mode": "managed",
      "type": "newrelic_alert_policy",
      "name": "alert",
      "provider": "provider[\"registry.terraform.io/newrelic/newrelic\"]",
      "instances": [
        {
          "schema_version": 0,
          "attributes": {
            "account_id": 3999429,
            "channel_ids": null,
            "id": "4504660",
            "incident_preference": "PER_POLICY",
            "name": "NamanPolicy"
          },
          "sensitive_attributes": [],
          "private": "bnVsbA=="
        }
      ]
    },
    {
      "mode": "managed",
      "type": "newrelic_nrql_alert_condition",
      "name": "alertcondition",
      "provider": "provider[\"registry.terraform.io/newrelic/newrelic\"]",
      "instances": [
        {
          "index_key": "d1",
          "schema_version": 0,
          "attributes": {
            "account_id": 3999429,
            "aggregation_delay": "120",
            "aggregation_method": "event_flow",
            "aggregation_timer": null,
            "aggregation_window": 60,
            "baseline_direction": null,
            "close_violations_on_expiration": false,
            "critical": [
              {
                "duration": 0,
                "operator": "above",
                "threshold": 5.5,
                "threshold_duration": 60,
                "threshold_occurrences": "all",
                "time_function": ""
              }
            ],
            "description": "Alerts",
            "enabled": true,
            "entity_guid": "Mzk5OTQyOXxBSU9QU3xDT05ESVRJT058MzQxNzYxNzg",
            "evaluation_delay": null,
            "expiration_duration": 0,
            "fill_option": "none",
            "fill_value": 0,
            "id": "4504660:34176178",
            "name": "Alert1",
            "nrql": [
              {
                "evaluation_offset": 0,
                "query": "SELECT count(*) FROM Transaction WHERE httpResponseCode != '200'",
                "since_value": ""
              }
            ],
            "open_violation_on_expiration": false,
            "policy_id": 4504660,
            "runbook_url": "https://www.example.com",
            "slide_by": null,
            "term": [],
            "timeouts": null,
            "type": "static",
            "violation_time_limit": "ONE_HOUR",
            "violation_time_limit_seconds": 3600,
            "warning": []
          },
          "sensitive_attributes": [],
          "private": "eyJlMmJmYjczMC1lY2FhLTExZTYtOGY4OC0zNDM2M2JjN2M0YzAiOnsiY3JlYXRlIjozMDAwMDAwMDAwMH19",
          "dependencies": [
            "newrelic_alert_policy.alert"
          ]
        },
        {
          "index_key": "d2",
          "schema_version": 0,
          "attributes": {
            "account_id": 3999429,
            "aggregation_delay": "120",
            "aggregation_method": "event_flow",
            "aggregation_timer": null,
            "aggregation_window": 60,
            "baseline_direction": null,
            "close_violations_on_expiration": false,
            "critical": [
              {
                "duration": 0,
                "operator": "above",
                "threshold": 5.5,
                "threshold_duration": 60,
                "threshold_occurrences": "all",
                "time_function": ""
              }
            ],
            "description": "Alerts",
            "enabled": true,
            "entity_guid": "Mzk5OTQyOXxBSU9QU3xDT05ESVRJT058MzQxNzYxNzc",
            "evaluation_delay": null,
            "expiration_duration": 0,
            "fill_option": "none",
            "fill_value": 0,
            "id": "4504660:34176177",
            "name": "Alert1",
            "nrql": [
              {
                "evaluation_offset": 0,
                "query": "SELECT count(*) FROM Transaction WHERE httpResponseCode != '200'",
                "since_value": ""
              }
            ],
            "open_violation_on_expiration": false,
            "policy_id": 4504660,
            "runbook_url": "https://www.example.com",
            "slide_by": null,
            "term": [],
            "timeouts": null,
            "type": "static",
            "violation_time_limit": "ONE_HOUR",
            "violation_time_limit_seconds": 3600,
            "warning": []
          },
          "sensitive_attributes": [],
          "private": "eyJlMmJmYjczMC1lY2FhLTExZTYtOGY4OC0zNDM2M2JjN2M0YzAiOnsiY3JlYXRlIjozMDAwMDAwMDAwMH19",
          "dependencies": [
            "newrelic_alert_policy.alert"
          ]
        }
      ]
    }
  ],
  "check_results": null
}
